// !$*UTF8*$!
{
	archiveVersion = 1;
	classes = {
	};
	objectVersion = 46;
	objects = {

/* Begin PBXBuildFile section */
		7DC5FEE7B8B4AEF29A29F6FA /* Pods_Piensa_en_TIC.framework in Frameworks */ = {isa = PBXBuildFile; fileRef = 6AA678D0A570B9AAADD3BF9B /* Pods_Piensa_en_TIC.framework */; };
		842D55391E04EB4100432858 /* EpilogueViewController.swift in Sources */ = {isa = PBXBuildFile; fileRef = 842D55381E04EB4100432858 /* EpilogueViewController.swift */; };
		842D553C1E05D5C900432858 /* Profile.storyboard in Resources */ = {isa = PBXBuildFile; fileRef = 842D553A1E05D5C900432858 /* Profile.storyboard */; };
		842D553E1E05DA7D00432858 /* Utils.swift in Sources */ = {isa = PBXBuildFile; fileRef = 842D553D1E05DA7D00432858 /* Utils.swift */; };
		842D55401E05DFB200432858 /* ProfileViewController.swift in Sources */ = {isa = PBXBuildFile; fileRef = 842D553F1E05DFB200432858 /* ProfileViewController.swift */; };
		84400DF61E07AE16008BE9F1 /* ImageContentViewController.swift in Sources */ = {isa = PBXBuildFile; fileRef = 84400DF51E07AE16008BE9F1 /* ImageContentViewController.swift */; };
		84400DF81E07AF58008BE9F1 /* TextDescriptionViewController.swift in Sources */ = {isa = PBXBuildFile; fileRef = 84400DF71E07AF58008BE9F1 /* TextDescriptionViewController.swift */; };
		844EDE4B1DF50A090079AC35 /* AppDelegate.swift in Sources */ = {isa = PBXBuildFile; fileRef = 844EDE4A1DF50A090079AC35 /* AppDelegate.swift */; };
		844EDE4D1DF50A090079AC35 /* ViewController.swift in Sources */ = {isa = PBXBuildFile; fileRef = 844EDE4C1DF50A090079AC35 /* ViewController.swift */; };
		844EDE501DF50A090079AC35 /* Main.storyboard in Resources */ = {isa = PBXBuildFile; fileRef = 844EDE4E1DF50A090079AC35 /* Main.storyboard */; };
		844EDE521DF50A090079AC35 /* Assets.xcassets in Resources */ = {isa = PBXBuildFile; fileRef = 844EDE511DF50A090079AC35 /* Assets.xcassets */; };
		844EDE551DF50A090079AC35 /* LaunchScreen.storyboard in Resources */ = {isa = PBXBuildFile; fileRef = 844EDE531DF50A090079AC35 /* LaunchScreen.storyboard */; };
		844EDE5D1DF50A2B0079AC35 /* Structure.plist in Resources */ = {isa = PBXBuildFile; fileRef = 844EDE5C1DF50A2B0079AC35 /* Structure.plist */; };
		844EDE601DF67A800079AC35 /* Chapters.storyboard in Resources */ = {isa = PBXBuildFile; fileRef = 844EDE5E1DF67A7F0079AC35 /* Chapters.storyboard */; };
		8478B9231DFD1EBD009D3C7A /* GeneralViewController.swift in Sources */ = {isa = PBXBuildFile; fileRef = 8478B9221DFD1EBD009D3C7A /* GeneralViewController.swift */; };
		8478B9261DFD3DD3009D3C7A /* InformationViewController.swift in Sources */ = {isa = PBXBuildFile; fileRef = 8478B9251DFD3DD3009D3C7A /* InformationViewController.swift */; };
		84A4B5C71DF921A70077A0AE /* Menu.storyboard in Resources */ = {isa = PBXBuildFile; fileRef = 84A4B5C51DF921A70077A0AE /* Menu.storyboard */; };
		84AA76C41DF923C6002D36AA /* HomeViewController.swift in Sources */ = {isa = PBXBuildFile; fileRef = 84AA76C31DF923C6002D36AA /* HomeViewController.swift */; };
		84AA76C71DF9244B002D36AA /* StoryboardIdentifier.swift in Sources */ = {isa = PBXBuildFile; fileRef = 84AA76C61DF9244B002D36AA /* StoryboardIdentifier.swift */; };
		84AA76CB1DF92673002D36AA /* CarrouselChapterViewController.swift in Sources */ = {isa = PBXBuildFile; fileRef = 84AA76CA1DF92673002D36AA /* CarrouselChapterViewController.swift */; };
		84AA76CD1DF9273E002D36AA /* RightViewController.swift in Sources */ = {isa = PBXBuildFile; fileRef = 84AA76CC1DF9273E002D36AA /* RightViewController.swift */; };
		84AA76D01DF92A2E002D36AA /* MainConfigurator.swift in Sources */ = {isa = PBXBuildFile; fileRef = 84AA76CF1DF92A2E002D36AA /* MainConfigurator.swift */; };
/* End PBXBuildFile section */

/* Begin PBXFileReference section */
		6AA678D0A570B9AAADD3BF9B /* Pods_Piensa_en_TIC.framework */ = {isa = PBXFileReference; explicitFileType = wrapper.framework; includeInIndex = 0; path = Pods_Piensa_en_TIC.framework; sourceTree = BUILT_PRODUCTS_DIR; };
		842D55381E04EB4100432858 /* EpilogueViewController.swift */ = {isa = PBXFileReference; fileEncoding = 4; lastKnownFileType = sourcecode.swift; name = EpilogueViewController.swift; path = Controllers/EpilogueViewController.swift; sourceTree = "<group>"; };
		842D553B1E05D5C900432858 /* Base */ = {isa = PBXFileReference; lastKnownFileType = file.storyboard; name = Base; path = Base.lproj/Profile.storyboard; sourceTree = "<group>"; };
		842D553D1E05DA7D00432858 /* Utils.swift */ = {isa = PBXFileReference; fileEncoding = 4; lastKnownFileType = sourcecode.swift; name = Utils.swift; path = Utils/Utils.swift; sourceTree = "<group>"; };
		842D553F1E05DFB200432858 /* ProfileViewController.swift */ = {isa = PBXFileReference; fileEncoding = 4; lastKnownFileType = sourcecode.swift; name = ProfileViewController.swift; path = Controllers/ProfileViewController.swift; sourceTree = "<group>"; };
		84400DF51E07AE16008BE9F1 /* ImageContentViewController.swift */ = {isa = PBXFileReference; fileEncoding = 4; lastKnownFileType = sourcecode.swift; name = ImageContentViewController.swift; path = Controllers/ImageContentViewController.swift; sourceTree = "<group>"; };
		84400DF71E07AF58008BE9F1 /* TextDescriptionViewController.swift */ = {isa = PBXFileReference; fileEncoding = 4; lastKnownFileType = sourcecode.swift; name = TextDescriptionViewController.swift; path = Controllers/TextDescriptionViewController.swift; sourceTree = "<group>"; };
		84400DFC1E07BC82008BE9F1 /* TicPlayground.playground */ = {isa = PBXFileReference; lastKnownFileType = file.playground; name = TicPlayground.playground; path = Playgrounds/TicPlayground.playground; sourceTree = "<group>"; };
		844EDE471DF50A080079AC35 /* Piensa en TIC.app */ = {isa = PBXFileReference; explicitFileType = wrapper.application; includeInIndex = 0; path = "Piensa en TIC.app"; sourceTree = BUILT_PRODUCTS_DIR; };
		844EDE4A1DF50A090079AC35 /* AppDelegate.swift */ = {isa = PBXFileReference; lastKnownFileType = sourcecode.swift; path = AppDelegate.swift; sourceTree = "<group>"; };
		844EDE4C1DF50A090079AC35 /* ViewController.swift */ = {isa = PBXFileReference; lastKnownFileType = sourcecode.swift; path = ViewController.swift; sourceTree = "<group>"; };
		844EDE4F1DF50A090079AC35 /* Base */ = {isa = PBXFileReference; lastKnownFileType = file.storyboard; name = Base; path = Base.lproj/Main.storyboard; sourceTree = "<group>"; };
		844EDE511DF50A090079AC35 /* Assets.xcassets */ = {isa = PBXFileReference; lastKnownFileType = folder.assetcatalog; path = Assets.xcassets; sourceTree = "<group>"; };
		844EDE541DF50A090079AC35 /* Base */ = {isa = PBXFileReference; lastKnownFileType = file.storyboard; name = Base; path = Base.lproj/LaunchScreen.storyboard; sourceTree = "<group>"; };
		844EDE561DF50A090079AC35 /* Info.plist */ = {isa = PBXFileReference; lastKnownFileType = text.plist.xml; path = Info.plist; sourceTree = "<group>"; };
		844EDE5C1DF50A2B0079AC35 /* Structure.plist */ = {isa = PBXFileReference; fileEncoding = 4; lastKnownFileType = text.plist.xml; path = Structure.plist; sourceTree = "<group>"; };
		844EDE5F1DF67A7F0079AC35 /* Base */ = {isa = PBXFileReference; lastKnownFileType = file.storyboard; name = Base; path = Base.lproj/Chapters.storyboard; sourceTree = "<group>"; };
		8478B9221DFD1EBD009D3C7A /* GeneralViewController.swift */ = {isa = PBXFileReference; fileEncoding = 4; lastKnownFileType = sourcecode.swift; name = GeneralViewController.swift; path = Controllers/GeneralViewController.swift; sourceTree = "<group>"; };
		8478B9251DFD3DD3009D3C7A /* InformationViewController.swift */ = {isa = PBXFileReference; fileEncoding = 4; lastKnownFileType = sourcecode.swift; name = InformationViewController.swift; path = Controllers/InformationViewController.swift; sourceTree = "<group>"; };
		84A4B5C61DF921A70077A0AE /* Base */ = {isa = PBXFileReference; lastKnownFileType = file.storyboard; name = Base; path = Base.lproj/Menu.storyboard; sourceTree = "<group>"; };
		84AA76C31DF923C6002D36AA /* HomeViewController.swift */ = {isa = PBXFileReference; fileEncoding = 4; lastKnownFileType = sourcecode.swift; name = HomeViewController.swift; path = Menu/HomeViewController.swift; sourceTree = "<group>"; };
		84AA76C61DF9244B002D36AA /* StoryboardIdentifier.swift */ = {isa = PBXFileReference; fileEncoding = 4; lastKnownFileType = sourcecode.swift; name = StoryboardIdentifier.swift; path = Utils/StoryboardIdentifier.swift; sourceTree = "<group>"; };
		84AA76C81DF925A2002D36AA /* BridgeHeader.h */ = {isa = PBXFileReference; lastKnownFileType = sourcecode.c.h; path = BridgeHeader.h; sourceTree = SOURCE_ROOT; };
		84AA76CA1DF92673002D36AA /* CarrouselChapterViewController.swift */ = {isa = PBXFileReference; fileEncoding = 4; lastKnownFileType = sourcecode.swift; name = CarrouselChapterViewController.swift; path = Chapters/CarrouselChapterViewController.swift; sourceTree = "<group>"; };
		84AA76CC1DF9273E002D36AA /* RightViewController.swift */ = {isa = PBXFileReference; fileEncoding = 4; lastKnownFileType = sourcecode.swift; name = RightViewController.swift; path = Menu/RightViewController.swift; sourceTree = "<group>"; };
		84AA76CF1DF92A2E002D36AA /* MainConfigurator.swift */ = {isa = PBXFileReference; fileEncoding = 4; lastKnownFileType = sourcecode.swift; name = MainConfigurator.swift; path = Service/MainConfigurator.swift; sourceTree = "<group>"; };
		D5C2293B268C1430EA3D8195 /* Pods-Piensa en TIC.debug.xcconfig */ = {isa = PBXFileReference; includeInIndex = 1; lastKnownFileType = text.xcconfig; name = "Pods-Piensa en TIC.debug.xcconfig"; path = "Pods/Target Support Files/Pods-Piensa en TIC/Pods-Piensa en TIC.debug.xcconfig"; sourceTree = "<group>"; };
		F27F15101EF503C8260118C4 /* Pods-Piensa en TIC.release.xcconfig */ = {isa = PBXFileReference; includeInIndex = 1; lastKnownFileType = text.xcconfig; name = "Pods-Piensa en TIC.release.xcconfig"; path = "Pods/Target Support Files/Pods-Piensa en TIC/Pods-Piensa en TIC.release.xcconfig"; sourceTree = "<group>"; };
/* End PBXFileReference section */

/* Begin PBXFrameworksBuildPhase section */
		844EDE441DF50A080079AC35 /* Frameworks */ = {
			isa = PBXFrameworksBuildPhase;
			buildActionMask = 2147483647;
			files = (
				7DC5FEE7B8B4AEF29A29F6FA /* Pods_Piensa_en_TIC.framework in Frameworks */,
			);
			runOnlyForDeploymentPostprocessing = 0;
		};
/* End PBXFrameworksBuildPhase section */

/* Begin PBXGroup section */
		10BB67D28E4E0597823B411E /* Frameworks */ = {
			isa = PBXGroup;
			children = (
				6AA678D0A570B9AAADD3BF9B /* Pods_Piensa_en_TIC.framework */,
			);
			name = Frameworks;
			sourceTree = "<group>";
		};
		842D55411E0785D000432858 /* Chapters */ = {
			isa = PBXGroup;
			children = (
				8478B9221DFD1EBD009D3C7A /* GeneralViewController.swift */,
				8478B9251DFD3DD3009D3C7A /* InformationViewController.swift */,
				842D55381E04EB4100432858 /* EpilogueViewController.swift */,
				84400DF51E07AE16008BE9F1 /* ImageContentViewController.swift */,
				84400DF71E07AF58008BE9F1 /* TextDescriptionViewController.swift */,
			);
			name = Chapters;
			sourceTree = "<group>";
		};
		84400DFB1E07BC5E008BE9F1 /* Playground */ = {
			isa = PBXGroup;
			children = (
				84400DFC1E07BC82008BE9F1 /* TicPlayground.playground */,
			);
			name = Playground;
			sourceTree = "<group>";
		};
		844EDE3E1DF50A080079AC35 = {
			isa = PBXGroup;
			children = (
				844EDE491DF50A080079AC35 /* Piensa en TIC */,
				844EDE481DF50A080079AC35 /* Products */,
				C521E11BDDB76D8EDE02C1C4 /* Pods */,
				10BB67D28E4E0597823B411E /* Frameworks */,
			);
			sourceTree = "<group>";
		};
		844EDE481DF50A080079AC35 /* Products */ = {
			isa = PBXGroup;
			children = (
				844EDE471DF50A080079AC35 /* Piensa en TIC.app */,
			);
			name = Products;
			sourceTree = "<group>";
		};
		844EDE491DF50A080079AC35 /* Piensa en TIC */ = {
			isa = PBXGroup;
			children = (
				84400DFB1E07BC5E008BE9F1 /* Playground */,
				84AA76CE1DF929FF002D36AA /* Service */,
				84AA76C91DF9263E002D36AA /* Carrousel */,
				84AA76C51DF92406002D36AA /* Utils */,
				84AA76C21DF9236F002D36AA /* Menu */,
				844EDE4A1DF50A090079AC35 /* AppDelegate.swift */,
				844EDE4C1DF50A090079AC35 /* ViewController.swift */,
				844EDE4E1DF50A090079AC35 /* Main.storyboard */,
				844EDE511DF50A090079AC35 /* Assets.xcassets */,
				844EDE531DF50A090079AC35 /* LaunchScreen.storyboard */,
				844EDE561DF50A090079AC35 /* Info.plist */,
				844EDE5C1DF50A2B0079AC35 /* Structure.plist */,
				842D553A1E05D5C900432858 /* Profile.storyboard */,
				844EDE5E1DF67A7F0079AC35 /* Chapters.storyboard */,
				84A4B5C51DF921A70077A0AE /* Menu.storyboard */,
				84AA76C81DF925A2002D36AA /* BridgeHeader.h */,
				8478B9241DFD3D8F009D3C7A /* Controllers */,
			);
			path = "Piensa en TIC";
			sourceTree = "<group>";
		};
		8478B9241DFD3D8F009D3C7A /* Controllers */ = {
			isa = PBXGroup;
			children = (
				842D55411E0785D000432858 /* Chapters */,
				842D553F1E05DFB200432858 /* ProfileViewController.swift */,
			);
			name = Controllers;
			sourceTree = "<group>";
		};
		84AA76C21DF9236F002D36AA /* Menu */ = {
			isa = PBXGroup;
			children = (
				84AA76C31DF923C6002D36AA /* HomeViewController.swift */,
				84AA76CC1DF9273E002D36AA /* RightViewController.swift */,
			);
			name = Menu;
			sourceTree = "<group>";
		};
		84AA76C51DF92406002D36AA /* Utils */ = {
			isa = PBXGroup;
			children = (
				84AA76C61DF9244B002D36AA /* StoryboardIdentifier.swift */,
				842D553D1E05DA7D00432858 /* Utils.swift */,
			);
			name = Utils;
			sourceTree = "<group>";
		};
		84AA76C91DF9263E002D36AA /* Carrousel */ = {
			isa = PBXGroup;
			children = (
				84AA76CA1DF92673002D36AA /* CarrouselChapterViewController.swift */,
			);
			name = Carrousel;
			sourceTree = "<group>";
		};
		84AA76CE1DF929FF002D36AA /* Service */ = {
			isa = PBXGroup;
			children = (
				84AA76CF1DF92A2E002D36AA /* MainConfigurator.swift */,
			);
			name = Service;
			sourceTree = "<group>";
		};
		C521E11BDDB76D8EDE02C1C4 /* Pods */ = {
			isa = PBXGroup;
			children = (
				D5C2293B268C1430EA3D8195 /* Pods-Piensa en TIC.debug.xcconfig */,
				F27F15101EF503C8260118C4 /* Pods-Piensa en TIC.release.xcconfig */,
			);
			name = Pods;
			sourceTree = "<group>";
		};
/* End PBXGroup section */

/* Begin PBXNativeTarget section */
		844EDE461DF50A080079AC35 /* Piensa en TIC */ = {
			isa = PBXNativeTarget;
			buildConfigurationList = 844EDE591DF50A090079AC35 /* Build configuration list for PBXNativeTarget "Piensa en TIC" */;
			buildPhases = (
				6D47A7F3277F11AC39BEC860 /* [CP] Check Pods Manifest.lock */,
				844EDE431DF50A080079AC35 /* Sources */,
				844EDE441DF50A080079AC35 /* Frameworks */,
				844EDE451DF50A080079AC35 /* Resources */,
				39AF2605526DA49293A1A201 /* [CP] Embed Pods Frameworks */,
				BF4B63411E16B940C29F0BDD /* [CP] Copy Pods Resources */,
			);
			buildRules = (
			);
			dependencies = (
			);
			name = "Piensa en TIC";
			productName = "Piensa en TIC";
			productReference = 844EDE471DF50A080079AC35 /* Piensa en TIC.app */;
			productType = "com.apple.product-type.application";
		};
/* End PBXNativeTarget section */

/* Begin PBXProject section */
		844EDE3F1DF50A080079AC35 /* Project object */ = {
			isa = PBXProject;
			attributes = {
				LastSwiftUpdateCheck = 0800;
				LastUpgradeCheck = 0800;
				ORGANIZATIONNAME = angelapp;
				TargetAttributes = {
					844EDE461DF50A080079AC35 = {
						CreatedOnToolsVersion = 8.0;
						ProvisioningStyle = Automatic;
					};
				};
			};
			buildConfigurationList = 844EDE421DF50A080079AC35 /* Build configuration list for PBXProject "Piensa en TIC" */;
			compatibilityVersion = "Xcode 3.2";
			developmentRegion = English;
			hasScannedForEncodings = 0;
			knownRegions = (
				en,
				Base,
			);
			mainGroup = 844EDE3E1DF50A080079AC35;
			productRefGroup = 844EDE481DF50A080079AC35 /* Products */;
			projectDirPath = "";
			projectRoot = "";
			targets = (
				844EDE461DF50A080079AC35 /* Piensa en TIC */,
			);
		};
/* End PBXProject section */

/* Begin PBXResourcesBuildPhase section */
		844EDE451DF50A080079AC35 /* Resources */ = {
			isa = PBXResourcesBuildPhase;
			buildActionMask = 2147483647;
			files = (
				844EDE551DF50A090079AC35 /* LaunchScreen.storyboard in Resources */,
				844EDE521DF50A090079AC35 /* Assets.xcassets in Resources */,
				844EDE601DF67A800079AC35 /* Chapters.storyboard in Resources */,
				84A4B5C71DF921A70077A0AE /* Menu.storyboard in Resources */,
				844EDE5D1DF50A2B0079AC35 /* Structure.plist in Resources */,
				842D553C1E05D5C900432858 /* Profile.storyboard in Resources */,
				844EDE501DF50A090079AC35 /* Main.storyboard in Resources */,
			);
			runOnlyForDeploymentPostprocessing = 0;
		};
/* End PBXResourcesBuildPhase section */

/* Begin PBXShellScriptBuildPhase section */
		39AF2605526DA49293A1A201 /* [CP] Embed Pods Frameworks */ = {
			isa = PBXShellScriptBuildPhase;
			buildActionMask = 2147483647;
			files = (
			);
			inputPaths = (
			);
			name = "[CP] Embed Pods Frameworks";
			outputPaths = (
			);
			runOnlyForDeploymentPostprocessing = 0;
			shellPath = /bin/sh;
			shellScript = "\"${SRCROOT}/Pods/Target Support Files/Pods-Piensa en TIC/Pods-Piensa en TIC-frameworks.sh\"\n";
			showEnvVarsInLog = 0;
		};
		6D47A7F3277F11AC39BEC860 /* [CP] Check Pods Manifest.lock */ = {
			isa = PBXShellScriptBuildPhase;
			buildActionMask = 2147483647;
			files = (
			);
			inputPaths = (
			);
			name = "[CP] Check Pods Manifest.lock";
			outputPaths = (
			);
			runOnlyForDeploymentPostprocessing = 0;
			shellPath = /bin/sh;
			shellScript = "diff \"${PODS_ROOT}/../Podfile.lock\" \"${PODS_ROOT}/Manifest.lock\" > /dev/null\nif [[ $? != 0 ]] ; then\n    cat << EOM\nerror: The sandbox is not in sync with the Podfile.lock. Run 'pod install' or update your CocoaPods installation.\nEOM\n    exit 1\nfi\n";
			showEnvVarsInLog = 0;
		};
		BF4B63411E16B940C29F0BDD /* [CP] Copy Pods Resources */ = {
			isa = PBXShellScriptBuildPhase;
			buildActionMask = 2147483647;
			files = (
			);
			inputPaths = (
			);
			name = "[CP] Copy Pods Resources";
			outputPaths = (
			);
			runOnlyForDeploymentPostprocessing = 0;
			shellPath = /bin/sh;
			shellScript = "\"${SRCROOT}/Pods/Target Support Files/Pods-Piensa en TIC/Pods-Piensa en TIC-resources.sh\"\n";
			showEnvVarsInLog = 0;
		};
/* End PBXShellScriptBuildPhase section */

/* Begin PBXSourcesBuildPhase section */
		844EDE431DF50A080079AC35 /* Sources */ = {
			isa = PBXSourcesBuildPhase;
			buildActionMask = 2147483647;
			files = (
				84AA76CB1DF92673002D36AA /* CarrouselChapterViewController.swift in Sources */,
				844EDE4D1DF50A090079AC35 /* ViewController.swift in Sources */,
				842D55391E04EB4100432858 /* EpilogueViewController.swift in Sources */,
				84AA76C71DF9244B002D36AA /* StoryboardIdentifier.swift in Sources */,
				8478B9231DFD1EBD009D3C7A /* GeneralViewController.swift in Sources */,
				844EDE4B1DF50A090079AC35 /* AppDelegate.swift in Sources */,
				84400DF81E07AF58008BE9F1 /* TextDescriptionViewController.swift in Sources */,
				84400DF61E07AE16008BE9F1 /* ImageContentViewController.swift in Sources */,
				842D55401E05DFB200432858 /* ProfileViewController.swift in Sources */,
				84AA76D01DF92A2E002D36AA /* MainConfigurator.swift in Sources */,
				842D553E1E05DA7D00432858 /* Utils.swift in Sources */,
				84AA76C41DF923C6002D36AA /* HomeViewController.swift in Sources */,
				84AA76CD1DF9273E002D36AA /* RightViewController.swift in Sources */,
				8478B9261DFD3DD3009D3C7A /* InformationViewController.swift in Sources */,
			);
			runOnlyForDeploymentPostprocessing = 0;
		};
/* End PBXSourcesBuildPhase section */

/* Begin PBXVariantGroup section */
		842D553A1E05D5C900432858 /* Profile.storyboard */ = {
			isa = PBXVariantGroup;
			children = (
				842D553B1E05D5C900432858 /* Base */,
			);
			name = Profile.storyboard;
			sourceTree = "<group>";
		};
		844EDE4E1DF50A090079AC35 /* Main.storyboard */ = {
			isa = PBXVariantGroup;
			children = (
				844EDE4F1DF50A090079AC35 /* Base */,
			);
			name = Main.storyboard;
			sourceTree = "<group>";
		};
		844EDE531DF50A090079AC35 /* LaunchScreen.storyboard */ = {
			isa = PBXVariantGroup;
			children = (
				844EDE541DF50A090079AC35 /* Base */,
			);
			name = LaunchScreen.storyboard;
			sourceTree = "<group>";
		};
		844EDE5E1DF67A7F0079AC35 /* Chapters.storyboard */ = {
			isa = PBXVariantGroup;
			children = (
				844EDE5F1DF67A7F0079AC35 /* Base */,
			);
			name = Chapters.storyboard;
			sourceTree = "<group>";
		};
		84A4B5C51DF921A70077A0AE /* Menu.storyboard */ = {
			isa = PBXVariantGroup;
			children = (
				84A4B5C61DF921A70077A0AE /* Base */,
			);
			name = Menu.storyboard;
			sourceTree = "<group>";
		};
/* End PBXVariantGroup section */

/* Begin XCBuildConfiguration section */
		844EDE571DF50A090079AC35 /* Debug */ = {
			isa = XCBuildConfiguration;
			buildSettings = {
				ALWAYS_SEARCH_USER_PATHS = NO;
				CLANG_ANALYZER_NONNULL = YES;
				CLANG_CXX_LANGUAGE_STANDARD = "gnu++0x";
				CLANG_CXX_LIBRARY = "libc++";
				CLANG_ENABLE_MODULES = YES;
				CLANG_ENABLE_OBJC_ARC = YES;
				CLANG_WARN_BOOL_CONVERSION = YES;
				CLANG_WARN_CONSTANT_CONVERSION = YES;
				CLANG_WARN_DIRECT_OBJC_ISA_USAGE = YES_ERROR;
				CLANG_WARN_DOCUMENTATION_COMMENTS = YES;
				CLANG_WARN_EMPTY_BODY = YES;
				CLANG_WARN_ENUM_CONVERSION = YES;
				CLANG_WARN_INFINITE_RECURSION = YES;
				CLANG_WARN_INT_CONVERSION = YES;
				CLANG_WARN_OBJC_ROOT_CLASS = YES_ERROR;
				CLANG_WARN_SUSPICIOUS_MOVES = YES;
				CLANG_WARN_UNREACHABLE_CODE = YES;
				CLANG_WARN__DUPLICATE_METHOD_MATCH = YES;
				"CODE_SIGN_IDENTITY[sdk=iphoneos*]" = "iPhone Developer";
				COPY_PHASE_STRIP = NO;
				DEBUG_INFORMATION_FORMAT = dwarf;
				ENABLE_STRICT_OBJC_MSGSEND = YES;
				ENABLE_TESTABILITY = YES;
				GCC_C_LANGUAGE_STANDARD = gnu99;
				GCC_DYNAMIC_NO_PIC = NO;
				GCC_NO_COMMON_BLOCKS = YES;
				GCC_OPTIMIZATION_LEVEL = 0;
				GCC_PREPROCESSOR_DEFINITIONS = (
					"DEBUG=1",
					"$(inherited)",
				);
				GCC_WARN_64_TO_32_BIT_CONVERSION = YES;
				GCC_WARN_ABOUT_RETURN_TYPE = YES_ERROR;
				GCC_WARN_UNDECLARED_SELECTOR = YES;
				GCC_WARN_UNINITIALIZED_AUTOS = YES_AGGRESSIVE;
				GCC_WARN_UNUSED_FUNCTION = YES;
				GCC_WARN_UNUSED_VARIABLE = YES;
				IPHONEOS_DEPLOYMENT_TARGET = 10.0;
				MTL_ENABLE_DEBUG_INFO = YES;
				ONLY_ACTIVE_ARCH = YES;
				SDKROOT = iphoneos;
				SWIFT_ACTIVE_COMPILATION_CONDITIONS = DEBUG;
				SWIFT_OPTIMIZATION_LEVEL = "-Onone";
			};
			name = Debug;
		};
		844EDE581DF50A090079AC35 /* Release */ = {
			isa = XCBuildConfiguration;
			buildSettings = {
				ALWAYS_SEARCH_USER_PATHS = NO;
				CLANG_ANALYZER_NONNULL = YES;
				CLANG_CXX_LANGUAGE_STANDARD = "gnu++0x";
				CLANG_CXX_LIBRARY = "libc++";
				CLANG_ENABLE_MODULES = YES;
				CLANG_ENABLE_OBJC_ARC = YES;
				CLANG_WARN_BOOL_CONVERSION = YES;
				CLANG_WARN_CONSTANT_CONVERSION = YES;
				CLANG_WARN_DIRECT_OBJC_ISA_USAGE = YES_ERROR;
				CLANG_WARN_DOCUMENTATION_COMMENTS = YES;
				CLANG_WARN_EMPTY_BODY = YES;
				CLANG_WARN_ENUM_CONVERSION = YES;
				CLANG_WARN_INFINITE_RECURSION = YES;
				CLANG_WARN_INT_CONVERSION = YES;
				CLANG_WARN_OBJC_ROOT_CLASS = YES_ERROR;
				CLANG_WARN_SUSPICIOUS_MOVES = YES;
				CLANG_WARN_UNREACHABLE_CODE = YES;
				CLANG_WARN__DUPLICATE_METHOD_MATCH = YES;
				"CODE_SIGN_IDENTITY[sdk=iphoneos*]" = "iPhone Developer";
				COPY_PHASE_STRIP = NO;
				DEBUG_INFORMATION_FORMAT = "dwarf-with-dsym";
				ENABLE_NS_ASSERTIONS = NO;
				ENABLE_STRICT_OBJC_MSGSEND = YES;
				GCC_C_LANGUAGE_STANDARD = gnu99;
				GCC_NO_COMMON_BLOCKS = YES;
				GCC_WARN_64_TO_32_BIT_CONVERSION = YES;
				GCC_WARN_ABOUT_RETURN_TYPE = YES_ERROR;
				GCC_WARN_UNDECLARED_SELECTOR = YES;
				GCC_WARN_UNINITIALIZED_AUTOS = YES_AGGRESSIVE;
				GCC_WARN_UNUSED_FUNCTION = YES;
				GCC_WARN_UNUSED_VARIABLE = YES;
				IPHONEOS_DEPLOYMENT_TARGET = 10.0;
				MTL_ENABLE_DEBUG_INFO = NO;
				SDKROOT = iphoneos;
				SWIFT_OPTIMIZATION_LEVEL = "-Owholemodule";
				VALIDATE_PRODUCT = YES;
			};
			name = Release;
		};
		844EDE5A1DF50A090079AC35 /* Debug */ = {
			isa = XCBuildConfiguration;
			baseConfigurationReference = D5C2293B268C1430EA3D8195 /* Pods-Piensa en TIC.debug.xcconfig */;
			buildSettings = {
				ASSETCATALOG_COMPILER_APPICON_NAME = AppIcon;
				DEVELOPMENT_TEAM = "";
				INFOPLIST_FILE = "Piensa en TIC/Info.plist";
				IPHONEOS_DEPLOYMENT_TARGET = 8.0;
				LD_RUNPATH_SEARCH_PATHS = "$(inherited) @executable_path/Frameworks";
				PRODUCT_BUNDLE_IDENTIFIER = "com.angelapp.Piensa-en-TIC";
				PRODUCT_NAME = "$(TARGET_NAME)";
				SWIFT_OBJC_BRIDGING_HEADER = BridgeHeader.h;
				SWIFT_VERSION = 3.0;
			};
			name = Debug;
		};
		844EDE5B1DF50A090079AC35 /* Release */ = {
			isa = XCBuildConfiguration;
			baseConfigurationReference = F27F15101EF503C8260118C4 /* Pods-Piensa en TIC.release.xcconfig */;
			buildSettings = {
				ASSETCATALOG_COMPILER_APPICON_NAME = AppIcon;
				DEVELOPMENT_TEAM = "";
				INFOPLIST_FILE = "Piensa en TIC/Info.plist";
				IPHONEOS_DEPLOYMENT_TARGET = 8.0;
				LD_RUNPATH_SEARCH_PATHS = "$(inherited) @executable_path/Frameworks";
				PRODUCT_BUNDLE_IDENTIFIER = "com.angelapp.Piensa-en-TIC";
				PRODUCT_NAME = "$(TARGET_NAME)";
				SWIFT_OBJC_BRIDGING_HEADER = BridgeHeader.h;
				SWIFT_VERSION = 3.0;
			};
			name = Release;
		};
/* End XCBuildConfiguration section */

/* Begin XCConfigurationList section */
		844EDE421DF50A080079AC35 /* Build configuration list for PBXProject "Piensa en TIC" */ = {
			isa = XCConfigurationList;
			buildConfigurations = (
				844EDE571DF50A090079AC35 /* Debug */,
				844EDE581DF50A090079AC35 /* Release */,
			);
			defaultConfigurationIsVisible = 0;
			defaultConfigurationName = Release;
		};
		844EDE591DF50A090079AC35 /* Build configuration list for PBXNativeTarget "Piensa en TIC" */ = {
			isa = XCConfigurationList;
			buildConfigurations = (
				844EDE5A1DF50A090079AC35 /* Debug */,
				844EDE5B1DF50A090079AC35 /* Release */,
			);
			defaultConfigurationIsVisible = 0;
			defaultConfigurationName = Release;
		};
/* End XCConfigurationList section */
	};
	rootObject = 844EDE3F1DF50A080079AC35 /* Project object */;
}
